dependencies:
- name: zookeeper-operator
  repository: https://charts.pravega.io
  version: 0.2.15
- name: kafka-operator
  repository: https://kubernetes-charts.banzaicloud.com
  version: 0.24.1
digest: sha256:d50e1edd5430a309c1c0529416fe4ef8efa32dd614034d99972d1b2a68154663
generated: "2023-05-08T13:01:57.687571-04:00"
